
Microsoft Visual Studio Solution File, Format Version 12.00
Project("{FAE04EC0-301F-11D3-BF4B-00C04F79EFBC}") = "Utilities.Core", "Utilities.Core.csproj", "{666ACA7F-FB21-4A11-B96F-029485FE7362}"
EndProject
Global
	GlobalSection(SolutionConfigurationPlatforms) = preSolution
		Debug|Any CPU = Debug|Any CPU
		Release|Any CPU = Release|Any CPU
	EndGlobalSection
	GlobalSection(ProjectConfigurationPlatforms) = postSolution
		{666ACA7F-FB21-4A11-B96F-029485FE7362}.Debug|Any CPU.ActiveCfg = Debug|Any CPU
		{666ACA7F-FB21-4A11-B96F-029485FE7362}.Debug|Any CPU.Build.0 = Debug|Any CPU
		{666ACA7F-FB21-4A11-B96F-029485FE7362}.Release|Any CPU.ActiveCfg = Release|Any CPU
		{666ACA7F-FB21-4A11-B96F-029485FE7362}.Release|Any CPU.Build.0 = Release|Any CPU
	EndGlobalSection
EndGlobal
